
Microsoft Visual Studio Solution File, Format Version 12.00
# Visual Studio Version 17
VisualStudioVersion = 17.3.32825.248
MinimumVisualStudioVersion = 10.0.40219.1
Project("{FAE04EC0-301F-11D3-BF4B-00C04F79EFBC}") = "OOO Aromatny Mir", "OOO Aromatny Mir\OOO Aromatny Mir.csproj", "{B67DA180-1004-4FE0-92A3-102A01F63B79}"
EndProject
Global
	GlobalSection(SolutionConfigurationPlatforms) = preSolution
		Debug|Any CPU = Debug|Any CPU
		Release|Any CPU = Release|Any CPU
	EndGlobalSection
	GlobalSection(ProjectConfigurationPlatforms) = postSolution
		{B67DA180-1004-4FE0-92A3-102A01F63B79}.Debug|Any CPU.ActiveCfg = Debug|Any CPU
		{B67DA180-1004-4FE0-92A3-102A01F63B79}.Debug|Any CPU.Build.0 = Debug|Any CPU
		{B67DA180-1004-4FE0-92A3-102A01F63B79}.Release|Any CPU.ActiveCfg = Release|Any CPU
		{B67DA180-1004-4FE0-92A3-102A01F63B79}.Release|Any CPU.Build.0 = Release|Any CPU
	EndGlobalSection
	GlobalSection(SolutionProperties) = preSolution
		HideSolutionNode = FALSE
	EndGlobalSection
	GlobalSection(ExtensibilityGlobals) = postSolution
		SolutionGuid = {1E46F303-BC75-42B0-9F5B-9BD9317686B7}
	EndGlobalSection
EndGlobal
